// !$*UTF8*$!
{
	archiveVersion = 1;
	classes = {
	};
	objectVersion = 46;
	objects = {

/* Begin PBXBuildFile section */
		9A9D32F918CC10BB003825F1 /* Foundation.framework in Frameworks */ = {isa = PBXBuildFile; fileRef = 9A9D32F818CC10BB003825F1 /* Foundation.framework */; };
		9A9D32FB18CC10BB003825F1 /* CoreGraphics.framework in Frameworks */ = {isa = PBXBuildFile; fileRef = 9A9D32FA18CC10BB003825F1 /* CoreGraphics.framework */; };
		9A9D32FD18CC10BB003825F1 /* UIKit.framework in Frameworks */ = {isa = PBXBuildFile; fileRef = 9A9D32FC18CC10BB003825F1 /* UIKit.framework */; };
		9A9D330318CC10BB003825F1 /* InfoPlist.strings in Resources */ = {isa = PBXBuildFile; fileRef = 9A9D330118CC10BB003825F1 /* InfoPlist.strings */; };
		9A9D330518CC10BB003825F1 /* main.m in Sources */ = {isa = PBXBuildFile; fileRef = 9A9D330418CC10BB003825F1 /* main.m */; };
		9A9D331418CC10BB003825F1 /* Images.xcassets in Resources */ = {isa = PBXBuildFile; fileRef = 9A9D331318CC10BB003825F1 /* Images.xcassets */; };
		9A9D331B18CC10BB003825F1 /* XCTest.framework in Frameworks */ = {isa = PBXBuildFile; fileRef = 9A9D331A18CC10BB003825F1 /* XCTest.framework */; };
		9A9D331C18CC10BB003825F1 /* Foundation.framework in Frameworks */ = {isa = PBXBuildFile; fileRef = 9A9D32F818CC10BB003825F1 /* Foundation.framework */; };
		9A9D331D18CC10BB003825F1 /* UIKit.framework in Frameworks */ = {isa = PBXBuildFile; fileRef = 9A9D32FC18CC10BB003825F1 /* UIKit.framework */; };
		9A9D332518CC10BB003825F1 /* InfoPlist.strings in Resources */ = {isa = PBXBuildFile; fileRef = 9A9D332318CC10BB003825F1 /* InfoPlist.strings */; };
		9A9D332718CC10BB003825F1 /* Who_s_WhoTests.m in Sources */ = {isa = PBXBuildFile; fileRef = 9A9D332618CC10BB003825F1 /* Who_s_WhoTests.m */; };
		9A9D333918CC11C5003825F1 /* EmployeeViewController.m in Sources */ = {isa = PBXBuildFile; fileRef = 9A9D333818CC11C5003825F1 /* EmployeeViewController.m */; };
		9A9D333B18CC11F2003825F1 /* EmployeeViewController~iPad.xib in Resources */ = {isa = PBXBuildFile; fileRef = 9A9D333A18CC11F2003825F1 /* EmployeeViewController~iPad.xib */; };
		9A9D333D18CC1204003825F1 /* EmployeeViewController~iPhone.xib in Resources */ = {isa = PBXBuildFile; fileRef = 9A9D333C18CC1204003825F1 /* EmployeeViewController~iPhone.xib */; };
		9A9D334818CC1508003825F1 /* TFHpple.m in Sources */ = {isa = PBXBuildFile; fileRef = 9A9D334318CC1508003825F1 /* TFHpple.m */; };
		9A9D334918CC1508003825F1 /* TFHppleElement.m in Sources */ = {isa = PBXBuildFile; fileRef = 9A9D334518CC1508003825F1 /* TFHppleElement.m */; };
		9A9D334A18CC1508003825F1 /* XPathQuery.m in Sources */ = {isa = PBXBuildFile; fileRef = 9A9D334718CC1508003825F1 /* XPathQuery.m */; };
		9A9D334C18CC151E003825F1 /* libxml2.2.dylib in Frameworks */ = {isa = PBXBuildFile; fileRef = 9A9D334B18CC151E003825F1 /* libxml2.2.dylib */; };
		9A9D334F18CC15BE003825F1 /* AppDelegate.m in Sources */ = {isa = PBXBuildFile; fileRef = 9A9D334E18CC15BE003825F1 /* AppDelegate.m */; };
		9A9D335218CC1729003825F1 /* Employee.m in Sources */ = {isa = PBXBuildFile; fileRef = 9A9D335118CC1729003825F1 /* Employee.m */; };
		9A9D335518CC2495003825F1 /* Helper.m in Sources */ = {isa = PBXBuildFile; fileRef = 9A9D335418CC2495003825F1 /* Helper.m */; };
		9A9D335918CC2561003825F1 /* Reachability.m in Sources */ = {isa = PBXBuildFile; fileRef = 9A9D335818CC2561003825F1 /* Reachability.m */; };
		9A9D335B18CC2573003825F1 /* SystemConfiguration.framework in Frameworks */ = {isa = PBXBuildFile; fileRef = 9A9D335A18CC2573003825F1 /* SystemConfiguration.framework */; };
		9A9D335E18CC25CA003825F1 /* ImageDownloader.m in Sources */ = {isa = PBXBuildFile; fileRef = 9A9D335D18CC25CA003825F1 /* ImageDownloader.m */; };
		9A9D336118CC267B003825F1 /* EmployeeCell.m in Sources */ = {isa = PBXBuildFile; fileRef = 9A9D336018CC267B003825F1 /* EmployeeCell.m */; };
		9A9D336318CC2690003825F1 /* EmployeeCell.xib in Resources */ = {isa = PBXBuildFile; fileRef = 9A9D336218CC2690003825F1 /* EmployeeCell.xib */; };
		9A9D336518CC2970003825F1 /* Placeholder.png in Resources */ = {isa = PBXBuildFile; fileRef = 9A9D336418CC2970003825F1 /* Placeholder.png */; };
		9A9D336718CC3266003825F1 /* loading.png in Resources */ = {isa = PBXBuildFile; fileRef = 9A9D336618CC3266003825F1 /* loading.png */; };
		9A9D336918CC3327003825F1 /* offline.png in Resources */ = {isa = PBXBuildFile; fileRef = 9A9D336818CC3327003825F1 /* offline.png */; };
/* End PBXBuildFile section */

/* Begin PBXContainerItemProxy section */
		9A9D331E18CC10BB003825F1 /* PBXContainerItemProxy */ = {
			isa = PBXContainerItemProxy;
			containerPortal = 9A9D32ED18CC10BA003825F1 /* Project object */;
			proxyType = 1;
			remoteGlobalIDString = 9A9D32F418CC10BB003825F1;
			remoteInfo = "Who's Who";
		};
/* End PBXContainerItemProxy section */

/* Begin PBXFileReference section */
		9A9D32F518CC10BB003825F1 /* Who's Who.app */ = {isa = PBXFileReference; explicitFileType = wrapper.application; includeInIndex = 0; path = "Who's Who.app"; sourceTree = BUILT_PRODUCTS_DIR; };
		9A9D32F818CC10BB003825F1 /* Foundation.framework */ = {isa = PBXFileReference; lastKnownFileType = wrapper.framework; name = Foundation.framework; path = System/Library/Frameworks/Foundation.framework; sourceTree = SDKROOT; };
		9A9D32FA18CC10BB003825F1 /* CoreGraphics.framework */ = {isa = PBXFileReference; lastKnownFileType = wrapper.framework; name = CoreGraphics.framework; path = System/Library/Frameworks/CoreGraphics.framework; sourceTree = SDKROOT; };
		9A9D32FC18CC10BB003825F1 /* UIKit.framework */ = {isa = PBXFileReference; lastKnownFileType = wrapper.framework; name = UIKit.framework; path = System/Library/Frameworks/UIKit.framework; sourceTree = SDKROOT; };
		9A9D330018CC10BB003825F1 /* Who's Who-Info.plist */ = {isa = PBXFileReference; lastKnownFileType = text.plist.xml; path = "Who's Who-Info.plist"; sourceTree = "<group>"; };
		9A9D330218CC10BB003825F1 /* en */ = {isa = PBXFileReference; lastKnownFileType = text.plist.strings; name = en; path = en.lproj/InfoPlist.strings; sourceTree = "<group>"; };
		9A9D330418CC10BB003825F1 /* main.m */ = {isa = PBXFileReference; lastKnownFileType = sourcecode.c.objc; path = main.m; sourceTree = "<group>"; };
		9A9D330618CC10BB003825F1 /* Who's Who-Prefix.pch */ = {isa = PBXFileReference; lastKnownFileType = sourcecode.c.h; path = "Who's Who-Prefix.pch"; sourceTree = "<group>"; };
		9A9D331318CC10BB003825F1 /* Images.xcassets */ = {isa = PBXFileReference; lastKnownFileType = folder.assetcatalog; path = Images.xcassets; sourceTree = "<group>"; };
		9A9D331918CC10BB003825F1 /* Who's WhoTests.xctest */ = {isa = PBXFileReference; explicitFileType = wrapper.cfbundle; includeInIndex = 0; path = "Who's WhoTests.xctest"; sourceTree = BUILT_PRODUCTS_DIR; };
		9A9D331A18CC10BB003825F1 /* XCTest.framework */ = {isa = PBXFileReference; lastKnownFileType = wrapper.framework; name = XCTest.framework; path = Library/Frameworks/XCTest.framework; sourceTree = DEVELOPER_DIR; };
		9A9D332218CC10BB003825F1 /* Who's WhoTests-Info.plist */ = {isa = PBXFileReference; lastKnownFileType = text.plist.xml; path = "Who's WhoTests-Info.plist"; sourceTree = "<group>"; };
		9A9D332418CC10BB003825F1 /* en */ = {isa = PBXFileReference; lastKnownFileType = text.plist.strings; name = en; path = en.lproj/InfoPlist.strings; sourceTree = "<group>"; };
		9A9D332618CC10BB003825F1 /* Who_s_WhoTests.m */ = {isa = PBXFileReference; lastKnownFileType = sourcecode.c.objc; path = Who_s_WhoTests.m; sourceTree = "<group>"; };
		9A9D333718CC11C5003825F1 /* EmployeeViewController.h */ = {isa = PBXFileReference; fileEncoding = 4; lastKnownFileType = sourcecode.c.h; path = EmployeeViewController.h; sourceTree = "<group>"; };
		9A9D333818CC11C5003825F1 /* EmployeeViewController.m */ = {isa = PBXFileReference; fileEncoding = 4; lastKnownFileType = sourcecode.c.objc; path = EmployeeViewController.m; sourceTree = "<group>"; };
		9A9D333A18CC11F2003825F1 /* EmployeeViewController~iPad.xib */ = {isa = PBXFileReference; fileEncoding = 4; lastKnownFileType = file.xib; path = "EmployeeViewController~iPad.xib"; sourceTree = "<group>"; };
		9A9D333C18CC1204003825F1 /* EmployeeViewController~iPhone.xib */ = {isa = PBXFileReference; fileEncoding = 4; lastKnownFileType = file.xib; path = "EmployeeViewController~iPhone.xib"; sourceTree = "<group>"; };
		9A9D334218CC1508003825F1 /* TFHpple.h */ = {isa = PBXFileReference; fileEncoding = 4; lastKnownFileType = sourcecode.c.h; path = TFHpple.h; sourceTree = "<group>"; };
		9A9D334318CC1508003825F1 /* TFHpple.m */ = {isa = PBXFileReference; fileEncoding = 4; lastKnownFileType = sourcecode.c.objc; path = TFHpple.m; sourceTree = "<group>"; };
		9A9D334418CC1508003825F1 /* TFHppleElement.h */ = {isa = PBXFileReference; fileEncoding = 4; lastKnownFileType = sourcecode.c.h; path = TFHppleElement.h; sourceTree = "<group>"; };
		9A9D334518CC1508003825F1 /* TFHppleElement.m */ = {isa = PBXFileReference; fileEncoding = 4; lastKnownFileType = sourcecode.c.objc; path = TFHppleElement.m; sourceTree = "<group>"; };
		9A9D334618CC1508003825F1 /* XPathQuery.h */ = {isa = PBXFileReference; fileEncoding = 4; lastKnownFileType = sourcecode.c.h; path = XPathQuery.h; sourceTree = "<group>"; };
		9A9D334718CC1508003825F1 /* XPathQuery.m */ = {isa = PBXFileReference; fileEncoding = 4; lastKnownFileType = sourcecode.c.objc; path = XPathQuery.m; sourceTree = "<group>"; };
		9A9D334B18CC151E003825F1 /* libxml2.2.dylib */ = {isa = PBXFileReference; lastKnownFileType = "compiled.mach-o.dylib"; name = libxml2.2.dylib; path = usr/lib/libxml2.2.dylib; sourceTree = SDKROOT; };
		9A9D334D18CC15BE003825F1 /* AppDelegate.h */ = {isa = PBXFileReference; fileEncoding = 4; lastKnownFileType = sourcecode.c.h; path = AppDelegate.h; sourceTree = "<group>"; };
		9A9D334E18CC15BE003825F1 /* AppDelegate.m */ = {isa = PBXFileReference; fileEncoding = 4; lastKnownFileType = sourcecode.c.objc; path = AppDelegate.m; sourceTree = "<group>"; };
		9A9D335018CC1729003825F1 /* Employee.h */ = {isa = PBXFileReference; fileEncoding = 4; lastKnownFileType = sourcecode.c.h; path = Employee.h; sourceTree = "<group>"; };
		9A9D335118CC1729003825F1 /* Employee.m */ = {isa = PBXFileReference; fileEncoding = 4; lastKnownFileType = sourcecode.c.objc; path = Employee.m; sourceTree = "<group>"; };
		9A9D335318CC2495003825F1 /* Helper.h */ = {isa = PBXFileReference; fileEncoding = 4; lastKnownFileType = sourcecode.c.h; path = Helper.h; sourceTree = "<group>"; };
		9A9D335418CC2495003825F1 /* Helper.m */ = {isa = PBXFileReference; fileEncoding = 4; lastKnownFileType = sourcecode.c.objc; path = Helper.m; sourceTree = "<group>"; };
		9A9D335718CC2561003825F1 /* Reachability.h */ = {isa = PBXFileReference; fileEncoding = 4; lastKnownFileType = sourcecode.c.h; path = Reachability.h; sourceTree = "<group>"; };
		9A9D335818CC2561003825F1 /* Reachability.m */ = {isa = PBXFileReference; fileEncoding = 4; lastKnownFileType = sourcecode.c.objc; path = Reachability.m; sourceTree = "<group>"; };
		9A9D335A18CC2573003825F1 /* SystemConfiguration.framework */ = {isa = PBXFileReference; lastKnownFileType = wrapper.framework; name = SystemConfiguration.framework; path = System/Library/Frameworks/SystemConfiguration.framework; sourceTree = SDKROOT; };
		9A9D335C18CC25CA003825F1 /* ImageDownloader.h */ = {isa = PBXFileReference; fileEncoding = 4; lastKnownFileType = sourcecode.c.h; path = ImageDownloader.h; sourceTree = "<group>"; };
		9A9D335D18CC25CA003825F1 /* ImageDownloader.m */ = {isa = PBXFileReference; fileEncoding = 4; lastKnownFileType = sourcecode.c.objc; path = ImageDownloader.m; sourceTree = "<group>"; };
		9A9D335F18CC267B003825F1 /* EmployeeCell.h */ = {isa = PBXFileReference; fileEncoding = 4; lastKnownFileType = sourcecode.c.h; path = EmployeeCell.h; sourceTree = "<group>"; };
		9A9D336018CC267B003825F1 /* EmployeeCell.m */ = {isa = PBXFileReference; fileEncoding = 4; lastKnownFileType = sourcecode.c.objc; path = EmployeeCell.m; sourceTree = "<group>"; };
		9A9D336218CC2690003825F1 /* EmployeeCell.xib */ = {isa = PBXFileReference; fileEncoding = 4; lastKnownFileType = file.xib; path = EmployeeCell.xib; sourceTree = "<group>"; };
		9A9D336418CC2970003825F1 /* Placeholder.png */ = {isa = PBXFileReference; lastKnownFileType = image.png; path = Placeholder.png; sourceTree = "<group>"; };
		9A9D336618CC3266003825F1 /* loading.png */ = {isa = PBXFileReference; lastKnownFileType = image.png; path = loading.png; sourceTree = "<group>"; };
		9A9D336818CC3327003825F1 /* offline.png */ = {isa = PBXFileReference; lastKnownFileType = image.png; path = offline.png; sourceTree = "<group>"; };
/* End PBXFileReference section */

/* Begin PBXFrameworksBuildPhase section */
		9A9D32F218CC10BB003825F1 /* Frameworks */ = {
			isa = PBXFrameworksBuildPhase;
			buildActionMask = 2147483647;
			files = (
				9A9D335B18CC2573003825F1 /* SystemConfiguration.framework in Frameworks */,
				9A9D334C18CC151E003825F1 /* libxml2.2.dylib in Frameworks */,
				9A9D32FB18CC10BB003825F1 /* CoreGraphics.framework in Frameworks */,
				9A9D32FD18CC10BB003825F1 /* UIKit.framework in Frameworks */,
				9A9D32F918CC10BB003825F1 /* Foundation.framework in Frameworks */,
			);
			runOnlyForDeploymentPostprocessing = 0;
		};
		9A9D331618CC10BB003825F1 /* Frameworks */ = {
			isa = PBXFrameworksBuildPhase;
			buildActionMask = 2147483647;
			files = (
				9A9D331B18CC10BB003825F1 /* XCTest.framework in Frameworks */,
				9A9D331D18CC10BB003825F1 /* UIKit.framework in Frameworks */,
				9A9D331C18CC10BB003825F1 /* Foundation.framework in Frameworks */,
			);
			runOnlyForDeploymentPostprocessing = 0;
		};
/* End PBXFrameworksBuildPhase section */

/* Begin PBXGroup section */
		9A9D32EC18CC10BA003825F1 = {
			isa = PBXGroup;
			children = (
				9A9D32FE18CC10BB003825F1 /* Who's Who */,
				9A9D332018CC10BB003825F1 /* Who's WhoTests */,
				9A9D32F718CC10BB003825F1 /* Frameworks */,
				9A9D32F618CC10BB003825F1 /* Products */,
			);
			sourceTree = "<group>";
		};
		9A9D32F618CC10BB003825F1 /* Products */ = {
			isa = PBXGroup;
			children = (
				9A9D32F518CC10BB003825F1 /* Who's Who.app */,
				9A9D331918CC10BB003825F1 /* Who's WhoTests.xctest */,
			);
			name = Products;
			sourceTree = "<group>";
		};
		9A9D32F718CC10BB003825F1 /* Frameworks */ = {
			isa = PBXGroup;
			children = (
				9A9D335A18CC2573003825F1 /* SystemConfiguration.framework */,
				9A9D334B18CC151E003825F1 /* libxml2.2.dylib */,
				9A9D32F818CC10BB003825F1 /* Foundation.framework */,
				9A9D32FA18CC10BB003825F1 /* CoreGraphics.framework */,
				9A9D32FC18CC10BB003825F1 /* UIKit.framework */,
				9A9D331A18CC10BB003825F1 /* XCTest.framework */,
			);
			name = Frameworks;
			sourceTree = "<group>";
		};
		9A9D32FE18CC10BB003825F1 /* Who's Who */ = {
			isa = PBXGroup;
			children = (
				9A9D334018CC1386003825F1 /* Utility */,
				9A9D333E18CC1367003825F1 /* AppDelegate */,
				9A9D333018CC11AE003825F1 /* Controller */,
				9A9D333118CC11AE003825F1 /* External */,
				9A9D333318CC11AE003825F1 /* Model */,
				9A9D333418CC11AE003825F1 /* Resource */,
				9A9D333618CC11AE003825F1 /* View */,
				9A9D331318CC10BB003825F1 /* Images.xcassets */,
				9A9D32FF18CC10BB003825F1 /* Supporting Files */,
			);
			path = "Who's Who";
			sourceTree = "<group>";
		};
		9A9D32FF18CC10BB003825F1 /* Supporting Files */ = {
			isa = PBXGroup;
			children = (
				9A9D330018CC10BB003825F1 /* Who's Who-Info.plist */,
				9A9D330118CC10BB003825F1 /* InfoPlist.strings */,
				9A9D330418CC10BB003825F1 /* main.m */,
				9A9D330618CC10BB003825F1 /* Who's Who-Prefix.pch */,
			);
			name = "Supporting Files";
			sourceTree = "<group>";
		};
		9A9D332018CC10BB003825F1 /* Who's WhoTests */ = {
			isa = PBXGroup;
			children = (
				9A9D332618CC10BB003825F1 /* Who_s_WhoTests.m */,
				9A9D332118CC10BB003825F1 /* Supporting Files */,
			);
			path = "Who's WhoTests";
			sourceTree = "<group>";
		};
		9A9D332118CC10BB003825F1 /* Supporting Files */ = {
			isa = PBXGroup;
			children = (
				9A9D332218CC10BB003825F1 /* Who's WhoTests-Info.plist */,
				9A9D332318CC10BB003825F1 /* InfoPlist.strings */,
			);
			name = "Supporting Files";
			sourceTree = "<group>";
		};
		9A9D333018CC11AE003825F1 /* Controller */ = {
			isa = PBXGroup;
			children = (
				9A9D333718CC11C5003825F1 /* EmployeeViewController.h */,
				9A9D333818CC11C5003825F1 /* EmployeeViewController.m */,
				9A9D335F18CC267B003825F1 /* EmployeeCell.h */,
				9A9D336018CC267B003825F1 /* EmployeeCell.m */,
			);
			path = Controller;
			sourceTree = "<group>";
		};
		9A9D333118CC11AE003825F1 /* External */ = {
			isa = PBXGroup;
			children = (
				9A9D335618CC2561003825F1 /* Reachability */,
				9A9D334118CC1508003825F1 /* Happle */,
			);
			path = External;
			sourceTree = "<group>";
		};
		9A9D333318CC11AE003825F1 /* Model */ = {
			isa = PBXGroup;
			children = (
				9A9D335018CC1729003825F1 /* Employee.h */,
				9A9D335118CC1729003825F1 /* Employee.m */,
			);
			path = Model;
			sourceTree = "<group>";
		};
		9A9D333418CC11AE003825F1 /* Resource */ = {
			isa = PBXGroup;
			children = (
				9A9D333518CC11AE003825F1 /* images */,
			);
			path = Resource;
			sourceTree = "<group>";
		};
		9A9D333518CC11AE003825F1 /* images */ = {
			isa = PBXGroup;
			children = (
				9A9D336818CC3327003825F1 /* offline.png */,
				9A9D336618CC3266003825F1 /* loading.png */,
				9A9D336418CC2970003825F1 /* Placeholder.png */,
			);
			path = images;
			sourceTree = "<group>";
		};
		9A9D333618CC11AE003825F1 /* View */ = {
			isa = PBXGroup;
			children = (
				9A9D333A18CC11F2003825F1 /* EmployeeViewController~iPad.xib */,
				9A9D333C18CC1204003825F1 /* EmployeeViewController~iPhone.xib */,
				9A9D336218CC2690003825F1 /* EmployeeCell.xib */,
			);
			path = View;
			sourceTree = "<group>";
		};
		9A9D333E18CC1367003825F1 /* AppDelegate */ = {
			isa = PBXGroup;
			children = (
				9A9D334D18CC15BE003825F1 /* AppDelegate.h */,
				9A9D334E18CC15BE003825F1 /* AppDelegate.m */,
			);
			path = AppDelegate;
			sourceTree = "<group>";
		};
		9A9D334018CC1386003825F1 /* Utility */ = {
			isa = PBXGroup;
			children = (
				9A9D335318CC2495003825F1 /* Helper.h */,
				9A9D335418CC2495003825F1 /* Helper.m */,
				9A9D335C18CC25CA003825F1 /* ImageDownloader.h */,
				9A9D335D18CC25CA003825F1 /* ImageDownloader.m */,
			);
			path = Utility;
			sourceTree = "<group>";
		};
		9A9D334118CC1508003825F1 /* Happle */ = {
			isa = PBXGroup;
			children = (
				9A9D334218CC1508003825F1 /* TFHpple.h */,
				9A9D334318CC1508003825F1 /* TFHpple.m */,
				9A9D334418CC1508003825F1 /* TFHppleElement.h */,
				9A9D334518CC1508003825F1 /* TFHppleElement.m */,
				9A9D334618CC1508003825F1 /* XPathQuery.h */,
				9A9D334718CC1508003825F1 /* XPathQuery.m */,
			);
			path = Happle;
			sourceTree = "<group>";
		};
		9A9D335618CC2561003825F1 /* Reachability */ = {
			isa = PBXGroup;
			children = (
				9A9D335718CC2561003825F1 /* Reachability.h */,
				9A9D335818CC2561003825F1 /* Reachability.m */,
			);
			path = Reachability;
			sourceTree = "<group>";
		};
/* End PBXGroup section */

/* Begin PBXNativeTarget section */
		9A9D32F418CC10BB003825F1 /* Who's Who */ = {
			isa = PBXNativeTarget;
			buildConfigurationList = 9A9D332A18CC10BB003825F1 /* Build configuration list for PBXNativeTarget "Who's Who" */;
			buildPhases = (
				9A9D32F118CC10BB003825F1 /* Sources */,
				9A9D32F218CC10BB003825F1 /* Frameworks */,
				9A9D32F318CC10BB003825F1 /* Resources */,
			);
			buildRules = (
			);
			dependencies = (
			);
			name = "Who's Who";
			productName = "Who's Who";
			productReference = 9A9D32F518CC10BB003825F1 /* Who's Who.app */;
			productType = "com.apple.product-type.application";
		};
		9A9D331818CC10BB003825F1 /* Who's WhoTests */ = {
			isa = PBXNativeTarget;
			buildConfigurationList = 9A9D332D18CC10BB003825F1 /* Build configuration list for PBXNativeTarget "Who's WhoTests" */;
			buildPhases = (
				9A9D331518CC10BB003825F1 /* Sources */,
				9A9D331618CC10BB003825F1 /* Frameworks */,
				9A9D331718CC10BB003825F1 /* Resources */,
			);
			buildRules = (
			);
			dependencies = (
				9A9D331F18CC10BB003825F1 /* PBXTargetDependency */,
			);
			name = "Who's WhoTests";
			productName = "Who's WhoTests";
			productReference = 9A9D331918CC10BB003825F1 /* Who's WhoTests.xctest */;
			productType = "com.apple.product-type.bundle.unit-test";
		};
/* End PBXNativeTarget section */

/* Begin PBXProject section */
		9A9D32ED18CC10BA003825F1 /* Project object */ = {
			isa = PBXProject;
			attributes = {
				LastUpgradeCheck = 0500;
				ORGANIZATIONNAME = "Sky World Inc.";
				TargetAttributes = {
					9A9D331818CC10BB003825F1 = {
						TestTargetID = 9A9D32F418CC10BB003825F1;
					};
				};
			};
			buildConfigurationList = 9A9D32F018CC10BA003825F1 /* Build configuration list for PBXProject "Who's Who" */;
			compatibilityVersion = "Xcode 3.2";
			developmentRegion = English;
			hasScannedForEncodings = 0;
			knownRegions = (
				en,
				Base,
			);
			mainGroup = 9A9D32EC18CC10BA003825F1;
			productRefGroup = 9A9D32F618CC10BB003825F1 /* Products */;
			projectDirPath = "";
			projectRoot = "";
			targets = (
				9A9D32F418CC10BB003825F1 /* Who's Who */,
				9A9D331818CC10BB003825F1 /* Who's WhoTests */,
			);
		};
/* End PBXProject section */

/* Begin PBXResourcesBuildPhase section */
		9A9D32F318CC10BB003825F1 /* Resources */ = {
			isa = PBXResourcesBuildPhase;
			buildActionMask = 2147483647;
			files = (
				9A9D331418CC10BB003825F1 /* Images.xcassets in Resources */,
				9A9D336918CC3327003825F1 /* offline.png in Resources */,
				9A9D336518CC2970003825F1 /* Placeholder.png in Resources */,
				9A9D330318CC10BB003825F1 /* InfoPlist.strings in Resources */,
				9A9D333D18CC1204003825F1 /* EmployeeViewController~iPhone.xib in Resources */,
				9A9D333B18CC11F2003825F1 /* EmployeeViewController~iPad.xib in Resources */,
				9A9D336318CC2690003825F1 /* EmployeeCell.xib in Resources */,
				9A9D336718CC3266003825F1 /* loading.png in Resources */,
			);
			runOnlyForDeploymentPostprocessing = 0;
		};
		9A9D331718CC10BB003825F1 /* Resources */ = {
			isa = PBXResourcesBuildPhase;
			buildActionMask = 2147483647;
			files = (
				9A9D332518CC10BB003825F1 /* InfoPlist.strings in Resources */,
			);
			runOnlyForDeploymentPostprocessing = 0;
		};
/* End PBXResourcesBuildPhase section */

/* Begin PBXSourcesBuildPhase section */
		9A9D32F118CC10BB003825F1 /* Sources */ = {
			isa = PBXSourcesBuildPhase;
			buildActionMask = 2147483647;
			files = (
				9A9D336118CC267B003825F1 /* EmployeeCell.m in Sources */,
				9A9D330518CC10BB003825F1 /* main.m in Sources */,
				9A9D333918CC11C5003825F1 /* EmployeeViewController.m in Sources */,
				9A9D335E18CC25CA003825F1 /* ImageDownloader.m in Sources */,
				9A9D334818CC1508003825F1 /* TFHpple.m in Sources */,
				9A9D335518CC2495003825F1 /* Helper.m in Sources */,
				9A9D334A18CC1508003825F1 /* XPathQuery.m in Sources */,
				9A9D334918CC1508003825F1 /* TFHppleElement.m in Sources */,
				9A9D334F18CC15BE003825F1 /* AppDelegate.m in Sources */,
				9A9D335918CC2561003825F1 /* Reachability.m in Sources */,
				9A9D335218CC1729003825F1 /* Employee.m in Sources */,
			);
			runOnlyForDeploymentPostprocessing = 0;
		};
		9A9D331518CC10BB003825F1 /* Sources */ = {
			isa = PBXSourcesBuildPhase;
			buildActionMask = 2147483647;
			files = (
				9A9D332718CC10BB003825F1 /* Who_s_WhoTests.m in Sources */,
			);
			runOnlyForDeploymentPostprocessing = 0;
		};
/* End PBXSourcesBuildPhase section */

/* Begin PBXTargetDependency section */
		9A9D331F18CC10BB003825F1 /* PBXTargetDependency */ = {
			isa = PBXTargetDependency;
			target = 9A9D32F418CC10BB003825F1 /* Who's Who */;
			targetProxy = 9A9D331E18CC10BB003825F1 /* PBXContainerItemProxy */;
		};
/* End PBXTargetDependency section */

/* Begin PBXVariantGroup section */
		9A9D330118CC10BB003825F1 /* InfoPlist.strings */ = {
			isa = PBXVariantGroup;
			children = (
				9A9D330218CC10BB003825F1 /* en */,
			);
			name = InfoPlist.strings;
			sourceTree = "<group>";
		};
		9A9D332318CC10BB003825F1 /* InfoPlist.strings */ = {
			isa = PBXVariantGroup;
			children = (
				9A9D332418CC10BB003825F1 /* en */,
			);
			name = InfoPlist.strings;
			sourceTree = "<group>";
		};
/* End PBXVariantGroup section */

/* Begin XCBuildConfiguration section */
		9A9D332818CC10BB003825F1 /* Debug */ = {
			isa = XCBuildConfiguration;
			buildSettings = {
				ALWAYS_SEARCH_USER_PATHS = NO;
				ARCHS = "$(ARCHS_STANDARD_INCLUDING_64_BIT)";
				CLANG_CXX_LANGUAGE_STANDARD = "gnu++0x";
				CLANG_CXX_LIBRARY = "libc++";
				CLANG_ENABLE_MODULES = YES;
				CLANG_ENABLE_OBJC_ARC = YES;
				CLANG_WARN_BOOL_CONVERSION = YES;
				CLANG_WARN_CONSTANT_CONVERSION = YES;
				CLANG_WARN_DIRECT_OBJC_ISA_USAGE = YES_ERROR;
				CLANG_WARN_EMPTY_BODY = YES;
				CLANG_WARN_ENUM_CONVERSION = YES;
				CLANG_WARN_INT_CONVERSION = YES;
				CLANG_WARN_OBJC_ROOT_CLASS = YES_ERROR;
				CLANG_WARN__DUPLICATE_METHOD_MATCH = YES;
				"CODE_SIGN_IDENTITY[sdk=iphoneos*]" = "iPhone Developer";
				COPY_PHASE_STRIP = NO;
				GCC_C_LANGUAGE_STANDARD = gnu99;
				GCC_DYNAMIC_NO_PIC = NO;
				GCC_OPTIMIZATION_LEVEL = 0;
				GCC_PREPROCESSOR_DEFINITIONS = (
					"DEBUG=1",
					"$(inherited)",
				);
				GCC_SYMBOLS_PRIVATE_EXTERN = NO;
				GCC_WARN_64_TO_32_BIT_CONVERSION = YES;
				GCC_WARN_ABOUT_RETURN_TYPE = YES_ERROR;
				GCC_WARN_UNDECLARED_SELECTOR = YES;
				GCC_WARN_UNINITIALIZED_AUTOS = YES;
				GCC_WARN_UNUSED_FUNCTION = YES;
				GCC_WARN_UNUSED_VARIABLE = YES;
				HEADER_SEARCH_PATHS = (
					"$(inherited)",
					/Applications/Xcode.app/Contents/Developer/Toolchains/XcodeDefault.xctoolchain/usr/include,
					$SDKROOT/usr/include/libxml2,
				);
				IPHONEOS_DEPLOYMENT_TARGET = 6.0;
				ONLY_ACTIVE_ARCH = YES;
				SDKROOT = iphoneos;
				TARGETED_DEVICE_FAMILY = "1,2";
			};
			name = Debug;
		};
		9A9D332918CC10BB003825F1 /* Release */ = {
			isa = XCBuildConfiguration;
			buildSettings = {
				ALWAYS_SEARCH_USER_PATHS = NO;
				ARCHS = "$(ARCHS_STANDARD_INCLUDING_64_BIT)";
				CLANG_CXX_LANGUAGE_STANDARD = "gnu++0x";
				CLANG_CXX_LIBRARY = "libc++";
				CLANG_ENABLE_MODULES = YES;
				CLANG_ENABLE_OBJC_ARC = YES;
				CLANG_WARN_BOOL_CONVERSION = YES;
				CLANG_WARN_CONSTANT_CONVERSION = YES;
				CLANG_WARN_DIRECT_OBJC_ISA_USAGE = YES_ERROR;
				CLANG_WARN_EMPTY_BODY = YES;
				CLANG_WARN_ENUM_CONVERSION = YES;
				CLANG_WARN_INT_CONVERSION = YES;
				CLANG_WARN_OBJC_ROOT_CLASS = YES_ERROR;
				CLANG_WARN__DUPLICATE_METHOD_MATCH = YES;
				"CODE_SIGN_IDENTITY[sdk=iphoneos*]" = "iPhone Developer";
				COPY_PHASE_STRIP = YES;
				ENABLE_NS_ASSERTIONS = NO;
				GCC_C_LANGUAGE_STANDARD = gnu99;
				GCC_WARN_64_TO_32_BIT_CONVERSION = YES;
				GCC_WARN_ABOUT_RETURN_TYPE = YES_ERROR;
				GCC_WARN_UNDECLARED_SELECTOR = YES;
				GCC_WARN_UNINITIALIZED_AUTOS = YES;
				GCC_WARN_UNUSED_FUNCTION = YES;
				GCC_WARN_UNUSED_VARIABLE = YES;
				HEADER_SEARCH_PATHS = (
					"$(inherited)",
					/Applications/Xcode.app/Contents/Developer/Toolchains/XcodeDefault.xctoolchain/usr/include,
					$SDKROOT/usr/include/libxml2,
				);
				IPHONEOS_DEPLOYMENT_TARGET = 6.0;
				SDKROOT = iphoneos;
				TARGETED_DEVICE_FAMILY = "1,2";
				VALIDATE_PRODUCT = YES;
			};
			name = Release;
		};
		9A9D332B18CC10BB003825F1 /* Debug */ = {
			isa = XCBuildConfiguration;
			buildSettings = {
				ASSETCATALOG_COMPILER_APPICON_NAME = AppIcon;
				ASSETCATALOG_COMPILER_LAUNCHIMAGE_NAME = LaunchImage;
				GCC_PRECOMPILE_PREFIX_HEADER = YES;
				GCC_PREFIX_HEADER = "Who's Who/Who's Who-Prefix.pch";
				INFOPLIST_FILE = "Who's Who/Who's Who-Info.plist";
				PRODUCT_NAME = "$(TARGET_NAME)";
				WRAPPER_EXTENSION = app;
			};
			name = Debug;
		};
		9A9D332C18CC10BB003825F1 /* Release */ = {
			isa = XCBuildConfiguration;
			buildSettings = {
				ASSETCATALOG_COMPILER_APPICON_NAME = AppIcon;
				ASSETCATALOG_COMPILER_LAUNCHIMAGE_NAME = LaunchImage;
				GCC_PRECOMPILE_PREFIX_HEADER = YES;
				GCC_PREFIX_HEADER = "Who's Who/Who's Who-Prefix.pch";
				INFOPLIST_FILE = "Who's Who/Who's Who-Info.plist";
				PRODUCT_NAME = "$(TARGET_NAME)";
				WRAPPER_EXTENSION = app;
			};
			name = Release;
		};
		9A9D332E18CC10BB003825F1 /* Debug */ = {
			isa = XCBuildConfiguration;
			buildSettings = {
				ARCHS = "$(ARCHS_STANDARD_INCLUDING_64_BIT)";
				BUNDLE_LOADER = "$(BUILT_PRODUCTS_DIR)/Who's Who.app/Who's Who";
				FRAMEWORK_SEARCH_PATHS = (
					"$(SDKROOT)/Developer/Library/Frameworks",
					"$(inherited)",
					"$(DEVELOPER_FRAMEWORKS_DIR)",
				);
				GCC_PRECOMPILE_PREFIX_HEADER = YES;
				GCC_PREFIX_HEADER = "Who's Who/Who's Who-Prefix.pch";
				GCC_PREPROCESSOR_DEFINITIONS = (
					"DEBUG=1",
					"$(inherited)",
				);
				INFOPLIST_FILE = "Who's WhoTests/Who's WhoTests-Info.plist";
				PRODUCT_NAME = "$(TARGET_NAME)";
				TEST_HOST = "$(BUNDLE_LOADER)";
				WRAPPER_EXTENSION = xctest;
			};
			name = Debug;
		};
		9A9D332F18CC10BB003825F1 /* Release */ = {
			isa = XCBuildConfiguration;
			buildSettings = {
				ARCHS = "$(ARCHS_STANDARD_INCLUDING_64_BIT)";
				BUNDLE_LOADER = "$(BUILT_PRODUCTS_DIR)/Who's Who.app/Who's Who";
				FRAMEWORK_SEARCH_PATHS = (
					"$(SDKROOT)/Developer/Library/Frameworks",
					"$(inherited)",
					"$(DEVELOPER_FRAMEWORKS_DIR)",
				);
				GCC_PRECOMPILE_PREFIX_HEADER = YES;
				GCC_PREFIX_HEADER = "Who's Who/Who's Who-Prefix.pch";
				INFOPLIST_FILE = "Who's WhoTests/Who's WhoTests-Info.plist";
				PRODUCT_NAME = "$(TARGET_NAME)";
				TEST_HOST = "$(BUNDLE_LOADER)";
				WRAPPER_EXTENSION = xctest;
			};
			name = Release;
		};
/* End XCBuildConfiguration section */

/* Begin XCConfigurationList section */
		9A9D32F018CC10BA003825F1 /* Build configuration list for PBXProject "Who's Who" */ = {
			isa = XCConfigurationList;
			buildConfigurations = (
				9A9D332818CC10BB003825F1 /* Debug */,
				9A9D332918CC10BB003825F1 /* Release */,
			);
			defaultConfigurationIsVisible = 0;
			defaultConfigurationName = Release;
		};
		9A9D332A18CC10BB003825F1 /* Build configuration list for PBXNativeTarget "Who's Who" */ = {
			isa = XCConfigurationList;
			buildConfigurations = (
				9A9D332B18CC10BB003825F1 /* Debug */,
				9A9D332C18CC10BB003825F1 /* Release */,
			);
			defaultConfigurationIsVisible = 0;
			defaultConfigurationName = Release;
		};
		9A9D332D18CC10BB003825F1 /* Build configuration list for PBXNativeTarget "Who's WhoTests" */ = {
			isa = XCConfigurationList;
			buildConfigurations = (
				9A9D332E18CC10BB003825F1 /* Debug */,
				9A9D332F18CC10BB003825F1 /* Release */,
			);
			defaultConfigurationIsVisible = 0;
			defaultConfigurationName = Release;
		};
/* End XCConfigurationList section */
	};
	rootObject = 9A9D32ED18CC10BA003825F1 /* Project object */;
}
